
Microsoft Visual Studio Solution File, Format Version 11.00
# Visual Studio 2010
Project("{8BC9CEB8-8B4A-11D0-8D11-00A0C91BC942}") = "pchk_server", "pchk_server\pchk_server.vcxproj", "{DCADD95B-FCE9-4824-9EF8-F882CC0C7343}"
EndProject
Global
	GlobalSection(SolutionConfigurationPlatforms) = preSolution
		Debug|Win32 = Debug|Win32
		Release|Win32 = Release|Win32
	EndGlobalSection
	GlobalSection(ProjectConfigurationPlatforms) = postSolution
		{DCADD95B-FCE9-4824-9EF8-F882CC0C7343}.Debug|Win32.ActiveCfg = Debug|Win32
		{DCADD95B-FCE9-4824-9EF8-F882CC0C7343}.Debug|Win32.Build.0 = Debug|Win32
		{DCADD95B-FCE9-4824-9EF8-F882CC0C7343}.Release|Win32.ActiveCfg = Release|Win32
		{DCADD95B-FCE9-4824-9EF8-F882CC0C7343}.Release|Win32.Build.0 = Release|Win32
	EndGlobalSection
	GlobalSection(SolutionProperties) = preSolution
		HideSolutionNode = FALSE
	EndGlobalSection
EndGlobal
